{
  "version": 4,
  "terraform_version": "1.8.5",
  "serial": 8,
  "lineage": "d17fb0ee-733a-a005-a483-e70c61291da1",
  "outputs": {},
  "resources": [
    {
      "mode": "managed",
      "type": "azurerm_linux_web_app",
      "name": "webapp",
      "provider": "provider[\"registry.terraform.io/hashicorp/azurerm\"]",
      "instances": [
        {
          "schema_version": 1,
          "attributes": {
            "app_settings": {
              "SCM_DO_BUILD_DURING_DEPLOYMENT": "true",
              "WEBSITES_ENABLE_APP_SERVICE_STORAGE": "false"
            },
            "auth_settings": [],
            "auth_settings_v2": [],
            "backup": [],
            "client_affinity_enabled": false,
            "client_certificate_enabled": false,
            "client_certificate_exclusion_paths": "",
            "client_certificate_mode": "Required",
            "connection_string": [],
            "custom_domain_verification_id": "1FB3074089536D9879161B3937D0F758F7111AD50934A73C152595BB6230057A",
            "default_hostname": "smart-daily-dashboard-app.azurewebsites.net",
            "enabled": true,
            "ftp_publish_basic_authentication_enabled": true,
            "hosting_environment_id": "",
            "https_only": false,
            "id": "/subscriptions/bb037187-e179-4597-9e58-5f6bc2c5209f/resourceGroups/smart-dashboard-rg/providers/Microsoft.Web/sites/smart-daily-dashboard-app",
            "identity": [],
            "key_vault_reference_identity_id": "SystemAssigned",
            "kind": "app,linux",
            "location": "canadacentral",
            "logs": [],
            "name": "smart-daily-dashboard-app",
            "outbound_ip_address_list": [
              "20.175.218.28",
              "20.175.218.58",
              "20.175.218.86",
              "20.175.218.230",
              "20.175.219.18",
              "20.175.219.81",
              "4.174.192.65",
              "4.174.192.148",
              "4.174.193.112",
              "4.174.194.228",
              "4.174.195.91",
              "4.174.195.187",
              "20.48.204.7"
            ],
            "outbound_ip_addresses": "20.175.218.28,20.175.218.58,20.175.218.86,20.175.218.230,20.175.219.18,20.175.219.81,4.174.192.65,4.174.192.148,4.174.193.112,4.174.194.228,4.174.195.91,4.174.195.187,20.48.204.7",
            "possible_outbound_ip_address_list": [
              "20.175.218.28",
              "20.175.218.58",
              "20.175.218.86",
              "20.175.218.230",
              "20.175.219.18",
              "20.175.219.81",
              "4.174.192.65",
              "4.174.192.148",
              "4.174.193.112",
              "4.174.194.228",
              "4.174.195.91",
              "4.174.195.187",
              "4.172.36.64",
              "4.172.36.69",
              "4.172.36.219",
              "4.172.37.156",
              "4.172.37.215",
              "4.172.37.235",
              "20.175.216.167",
              "20.175.217.113",
              "20.175.217.171",
              "20.175.217.172",
              "20.175.217.191",
              "20.175.218.7",
              "20.175.219.108",
              "20.175.219.113",
              "20.175.219.119",
              "20.175.219.123",
              "20.175.219.127",
              "20.175.219.184",
              "20.48.204.7"
            ],
            "possible_outbound_ip_addresses": "20.175.218.28,20.175.218.58,20.175.218.86,20.175.218.230,20.175.219.18,20.175.219.81,4.174.192.65,4.174.192.148,4.174.193.112,4.174.194.228,4.174.195.91,4.174.195.187,4.172.36.64,4.172.36.69,4.172.36.219,4.172.37.156,4.172.37.215,4.172.37.235,20.175.216.167,20.175.217.113,20.175.217.171,20.175.217.172,20.175.217.191,20.175.218.7,20.175.219.108,20.175.219.113,20.175.219.119,20.175.219.123,20.175.219.127,20.175.219.184,20.48.204.7",
            "public_network_access_enabled": true,
            "resource_group_name": "smart-dashboard-rg",
            "service_plan_id": "/subscriptions/bb037187-e179-4597-9e58-5f6bc2c5209f/resourceGroups/smart-dashboard-rg/providers/Microsoft.Web/serverFarms/smartDashboardPlan",
            "site_config": [
              {
                "always_on": false,
                "api_definition_url": "",
                "api_management_api_id": "",
                "app_command_line": "",
                "application_stack": [
                  {
                    "docker_image_name": "",
                    "docker_registry_password": "",
                    "docker_registry_url": "",
                    "docker_registry_username": "",
                    "dotnet_version": "",
                    "go_version": "",
                    "java_server": "",
                    "java_server_version": "",
                    "java_version": "",
                    "node_version": "16-lts",
                    "php_version": "",
                    "python_version": "",
                    "ruby_version": ""
                  }
                ],
                "auto_heal_setting": [],
                "container_registry_managed_identity_client_id": "",
                "container_registry_use_managed_identity": false,
                "cors": [],
                "default_documents": [
                  "Default.htm",
                  "Default.html",
                  "Default.asp",
                  "index.htm",
                  "index.html",
                  "iisstart.htm",
                  "default.aspx",
                  "index.php",
                  "hostingstart.html"
                ],
                "detailed_error_logging_enabled": false,
                "ftps_state": "Disabled",
                "health_check_eviction_time_in_min": 0,
                "health_check_path": "",
                "http2_enabled": false,
                "ip_restriction": [],
                "ip_restriction_default_action": "Allow",
                "linux_fx_version": "NODE|16-lts",
                "load_balancing_mode": "LeastRequests",
                "local_mysql_enabled": false,
                "managed_pipeline_mode": "Integrated",
                "minimum_tls_version": "1.2",
                "remote_debugging_enabled": false,
                "remote_debugging_version": "VS2022",
                "scm_ip_restriction": [],
                "scm_ip_restriction_default_action": "Allow",
                "scm_minimum_tls_version": "1.2",
                "scm_type": "None",
                "scm_use_main_ip_restriction": false,
                "use_32_bit_worker": true,
                "vnet_route_all_enabled": false,
                "websockets_enabled": false,
                "worker_count": 1
              }
            ],
            "site_credential": [
              {
                "name": "$smart-daily-dashboard-app",
                "password": "1JgtPtbpLPbc9RATokJuabPivJ1iQjEziAoDE4Hw2twAQBXsZHJjlw9iXb4f"
              }
            ],
            "sticky_settings": [],
            "storage_account": [],
            "tags": null,
            "timeouts": null,
            "virtual_network_backup_restore_enabled": false,
            "virtual_network_subnet_id": "",
            "webdeploy_publish_basic_authentication_enabled": true,
            "zip_deploy_file": ""
          },
          "sensitive_attributes": [
            [
              {
                "type": "get_attr",
                "value": "site_config"
              },
              {
                "type": "index",
                "value": {
                  "value": 0,
                  "type": "number"
                }
              },
              {
                "type": "get_attr",
                "value": "application_stack"
              },
              {
                "type": "index",
                "value": {
                  "value": 0,
                  "type": "number"
                }
              },
              {
                "type": "get_attr",
                "value": "docker_registry_password"
              }
            ],
            [
              {
                "type": "get_attr",
                "value": "custom_domain_verification_id"
              }
            ],
            [
              {
                "type": "get_attr",
                "value": "site_credential"
              }
            ]
          ],
          "private": "eyJlMmJmYjczMC1lY2FhLTExZTYtOGY4OC0zNDM2M2JjN2M0YzAiOnsiY3JlYXRlIjoxODAwMDAwMDAwMDAwLCJkZWxldGUiOjE4MDAwMDAwMDAwMDAsInJlYWQiOjMwMDAwMDAwMDAwMCwidXBkYXRlIjoxODAwMDAwMDAwMDAwfSwic2NoZW1hX3ZlcnNpb24iOiIxIn0=",
          "dependencies": [
            "azurerm_resource_group.rg",
            "azurerm_service_plan.plan"
          ]
        }
      ]
    },
    {
      "mode": "managed",
      "type": "azurerm_resource_group",
      "name": "rg",
      "provider": "provider[\"registry.terraform.io/hashicorp/azurerm\"]",
      "instances": [
        {
          "schema_version": 0,
          "attributes": {
            "id": "/subscriptions/bb037187-e179-4597-9e58-5f6bc2c5209f/resourceGroups/smart-dashboard-rg",
            "location": "canadacentral",
            "managed_by": "",
            "name": "smart-dashboard-rg",
            "tags": {},
            "timeouts": null
          },
          "sensitive_attributes": [],
          "private": "eyJlMmJmYjczMC1lY2FhLTExZTYtOGY4OC0zNDM2M2JjN2M0YzAiOnsiY3JlYXRlIjo1NDAwMDAwMDAwMDAwLCJkZWxldGUiOjU0MDAwMDAwMDAwMDAsInJlYWQiOjMwMDAwMDAwMDAwMCwidXBkYXRlIjo1NDAwMDAwMDAwMDAwfX0="
        }
      ]
    },
    {
      "mode": "managed",
      "type": "azurerm_service_plan",
      "name": "plan",
      "provider": "provider[\"registry.terraform.io/hashicorp/azurerm\"]",
      "instances": [
        {
          "schema_version": 1,
          "attributes": {
            "app_service_environment_id": "",
            "id": "/subscriptions/bb037187-e179-4597-9e58-5f6bc2c5209f/resourceGroups/smart-dashboard-rg/providers/Microsoft.Web/serverFarms/smartDashboardPlan",
            "kind": "linux",
            "location": "canadacentral",
            "maximum_elastic_worker_count": 1,
            "name": "smartDashboardPlan",
            "os_type": "Linux",
            "per_site_scaling_enabled": false,
            "premium_plan_auto_scale_enabled": false,
            "reserved": true,
            "resource_group_name": "smart-dashboard-rg",
            "sku_name": "F1",
            "tags": {},
            "timeouts": null,
            "worker_count": 1,
            "zone_balancing_enabled": false
          },
          "sensitive_attributes": [],
          "private": "eyJlMmJmYjczMC1lY2FhLTExZTYtOGY4OC0zNDM2M2JjN2M0YzAiOnsiY3JlYXRlIjozNjAwMDAwMDAwMDAwLCJkZWxldGUiOjM2MDAwMDAwMDAwMDAsInJlYWQiOjMwMDAwMDAwMDAwMCwidXBkYXRlIjozNjAwMDAwMDAwMDAwfSwic2NoZW1hX3ZlcnNpb24iOiIxIn0=",
          "dependencies": [
            "azurerm_resource_group.rg"
          ]
        }
      ]
    }
  ],
  "check_results": null
}
